
Microsoft Visual Studio Solution File, Format Version 12.00
# Visual Studio 15
VisualStudioVersion = 15.0.27703.2035
MinimumVisualStudioVersion = 10.0.40219.1
Project("{FAE04EC0-301F-11D3-BF4B-00C04F79EFBC}") = "Del1almillon", "Del1almillon\Del1almillon.csproj", "{90B41324-E053-4EAD-95B9-D5516772FCEB}"
EndProject
Global
	GlobalSection(SolutionConfigurationPlatforms) = preSolution
		Debug|Any CPU = Debug|Any CPU
		Release|Any CPU = Release|Any CPU
	EndGlobalSection
	GlobalSection(ProjectConfigurationPlatforms) = postSolution
		{90B41324-E053-4EAD-95B9-D5516772FCEB}.Debug|Any CPU.ActiveCfg = Debug|Any CPU
		{90B41324-E053-4EAD-95B9-D5516772FCEB}.Debug|Any CPU.Build.0 = Debug|Any CPU
		{90B41324-E053-4EAD-95B9-D5516772FCEB}.Release|Any CPU.ActiveCfg = Release|Any CPU
		{90B41324-E053-4EAD-95B9-D5516772FCEB}.Release|Any CPU.Build.0 = Release|Any CPU
	EndGlobalSection
	GlobalSection(SolutionProperties) = preSolution
		HideSolutionNode = FALSE
	EndGlobalSection
	GlobalSection(ExtensibilityGlobals) = postSolution
		SolutionGuid = {4CBB87AA-C2F8-43CA-9C3B-0ABC651463F7}
	EndGlobalSection
EndGlobal
